
Microsoft Visual Studio Solution File, Format Version 12.00
# Visual Studio Version 17
VisualStudioVersion = 17.0.32126.317
MinimumVisualStudioVersion = 10.0.40219.1
Project("{FAE04EC0-301F-11D3-BF4B-00C04F79EFBC}") = "ExcelTest", "ExcelTest\ExcelTest.csproj", "{3B59E5AA-BFE0-4D5F-A01D-322B45596EBC}"
EndProject
Global
	GlobalSection(SolutionConfigurationPlatforms) = preSolution
		Debug|Any CPU = Debug|Any CPU
		Release|Any CPU = Release|Any CPU
	EndGlobalSection
	GlobalSection(ProjectConfigurationPlatforms) = postSolution
		{3B59E5AA-BFE0-4D5F-A01D-322B45596EBC}.Debug|Any CPU.ActiveCfg = Debug|Any CPU
		{3B59E5AA-BFE0-4D5F-A01D-322B45596EBC}.Debug|Any CPU.Build.0 = Debug|Any CPU
		{3B59E5AA-BFE0-4D5F-A01D-322B45596EBC}.Release|Any CPU.ActiveCfg = Release|Any CPU
		{3B59E5AA-BFE0-4D5F-A01D-322B45596EBC}.Release|Any CPU.Build.0 = Release|Any CPU
	EndGlobalSection
	GlobalSection(SolutionProperties) = preSolution
		HideSolutionNode = FALSE
	EndGlobalSection
	GlobalSection(ExtensibilityGlobals) = postSolution
		SolutionGuid = {08DCED8F-8B5D-4B8C-9A50-D81580DA2C88}
	EndGlobalSection
EndGlobal
